
Microsoft Visual Studio Solution File, Format Version 12.00
# Visual Studio Version 17
VisualStudioVersion = 17.10.35027.167
MinimumVisualStudioVersion = 10.0.40219.1
Project("{FAE04EC0-301F-11D3-BF4B-00C04F79EFBC}") = "TechNews.StatsSystem", "TechNews.StatsSystem\TechNews.StatsSystem.csproj", "{08B625F7-CD85-47F2-BE18-3405C8168FCD}"
EndProject
Global
	GlobalSection(SolutionConfigurationPlatforms) = preSolution
		Debug|Any CPU = Debug|Any CPU
		Release|Any CPU = Release|Any CPU
	EndGlobalSection
	GlobalSection(ProjectConfigurationPlatforms) = postSolution
		{08B625F7-CD85-47F2-BE18-3405C8168FCD}.Debug|Any CPU.ActiveCfg = Debug|Any CPU
		{08B625F7-CD85-47F2-BE18-3405C8168FCD}.Debug|Any CPU.Build.0 = Debug|Any CPU
		{08B625F7-CD85-47F2-BE18-3405C8168FCD}.Release|Any CPU.ActiveCfg = Release|Any CPU
		{08B625F7-CD85-47F2-BE18-3405C8168FCD}.Release|Any CPU.Build.0 = Release|Any CPU
	EndGlobalSection
	GlobalSection(SolutionProperties) = preSolution
		HideSolutionNode = FALSE
	EndGlobalSection
	GlobalSection(ExtensibilityGlobals) = postSolution
		SolutionGuid = {E43BD54A-9FAC-47EA-B658-7173770C3979}
	EndGlobalSection
EndGlobal
